# This file is generated by running "yarn install" inside your project.
# Manual changes might be lost - proceed with caution!

__metadata:
  version: 6
  cacheKey: 8

"@yarnpkg/esbuild-plugin-pnp@npm:^3.0.0-rc.6":
  version: 3.0.0-rc.6
  resolution: "@yarnpkg/esbuild-plugin-pnp@npm:3.0.0-rc.6"
  dependencies:
    tslib: ^1.13.0
  peerDependencies:
    esbuild: ">=0.10.0"
  checksum: dec5edd1a0c8fb31179e12e5496ed8574d648828af60f16ad55c0d7498469ec2708897611b745af22143f1a90cb7a82f596219d735d2baf3b263614bc8283afb
  languageName: node
  linkType: hard

"esbuild-android-64@npm:0.14.42":
  version: 0.14.42
  resolution: "esbuild-android-64@npm:0.14.42"
  conditions: os=android & cpu=x64
  languageName: node
  linkType: hard

"esbuild-android-arm64@npm:0.14.42":
  version: 0.14.42
  resolution: "esbuild-android-arm64@npm:0.14.42"
  conditions: os=android & cpu=arm64
  languageName: node
  linkType: hard

"esbuild-darwin-64@npm:0.14.42":
  version: 0.14.42
  resolution: "esbuild-darwin-64@npm:0.14.42"
  conditions: os=darwin & cpu=x64
  languageName: node
  linkType: hard

"esbuild-darwin-arm64@npm:0.14.42":
  version: 0.14.42
  resolution: "esbuild-darwin-arm64@npm:0.14.42"
  conditions: os=darwin & cpu=arm64
  languageName: node
  linkType: hard

"esbuild-freebsd-64@npm:0.14.42":
  version: 0.14.42
  resolution: "esbuild-freebsd-64@npm:0.14.42"
  conditions: os=freebsd & cpu=x64
  languageName: node
  linkType: hard

"esbuild-freebsd-arm64@npm:0.14.42":
  version: 0.14.42
  resolution: "esbuild-freebsd-arm64@npm:0.14.42"
  conditions: os=freebsd & cpu=arm64
  languageName: node
  linkType: hard

"esbuild-linux-32@npm:0.14.42":
  version: 0.14.42
  resolution: "esbuild-linux-32@npm:0.14.42"
  conditions: os=linux & cpu=ia32
  languageName: node
  linkType: hard

"esbuild-linux-64@npm:0.14.42":
  version: 0.14.42
  resolution: "esbuild-linux-64@npm:0.14.42"
  conditions: os=linux & cpu=x64
  languageName: node
  linkType: hard

"esbuild-linux-arm64@npm:0.14.42":
  version: 0.14.42
  resolution: "esbuild-linux-arm64@npm:0.14.42"
  conditions: os=linux & cpu=arm64
  languageName: node
  linkType: hard

"esbuild-linux-arm@npm:0.14.42":
  version: 0.14.42
  resolution: "esbuild-linux-arm@npm:0.14.42"
  conditions: os=linux & cpu=arm
  languageName: node
  linkType: hard

"esbuild-linux-mips64le@npm:0.14.42":
  version: 0.14.42
  resolution: "esbuild-linux-mips64le@npm:0.14.42"
  conditions: os=linux & cpu=mips64el
  languageName: node
  linkType: hard

"esbuild-linux-ppc64le@npm:0.14.42":
  version: 0.14.42
  resolution: "esbuild-linux-ppc64le@npm:0.14.42"
  conditions: os=linux & cpu=ppc64
  languageName: node
  linkType: hard

"esbuild-linux-riscv64@npm:0.14.42":
  version: 0.14.42
  resolution: "esbuild-linux-riscv64@npm:0.14.42"
  conditions: os=linux & cpu=riscv64
  languageName: node
  linkType: hard

"esbuild-linux-s390x@npm:0.14.42":
  version: 0.14.42
  resolution: "esbuild-linux-s390x@npm:0.14.42"
  conditions: os=linux & cpu=s390x
  languageName: node
  linkType: hard

"esbuild-netbsd-64@npm:0.14.42":
  version: 0.14.42
  resolution: "esbuild-netbsd-64@npm:0.14.42"
  conditions: os=netbsd & cpu=x64
  languageName: node
  linkType: hard

"esbuild-openbsd-64@npm:0.14.42":
  version: 0.14.42
  resolution: "esbuild-openbsd-64@npm:0.14.42"
  conditions: os=openbsd & cpu=x64
  languageName: node
  linkType: hard

"esbuild-sunos-64@npm:0.14.42":
  version: 0.14.42
  resolution: "esbuild-sunos-64@npm:0.14.42"
  conditions: os=sunos & cpu=x64
  languageName: node
  linkType: hard

"esbuild-windows-32@npm:0.14.42":
  version: 0.14.42
  resolution: "esbuild-windows-32@npm:0.14.42"
  conditions: os=win32 & cpu=ia32
  languageName: node
  linkType: hard

"esbuild-windows-64@npm:0.14.42":
  version: 0.14.42
  resolution: "esbuild-windows-64@npm:0.14.42"
  conditions: os=win32 & cpu=x64
  languageName: node
  linkType: hard

"esbuild-windows-arm64@npm:0.14.42":
  version: 0.14.42
  resolution: "esbuild-windows-arm64@npm:0.14.42"
  conditions: os=win32 & cpu=arm64
  languageName: node
  linkType: hard

"esbuild@npm:^0.14.42":
  version: 0.14.42
  resolution: "esbuild@npm:0.14.42"
  dependencies:
    esbuild-android-64: 0.14.42
    esbuild-android-arm64: 0.14.42
    esbuild-darwin-64: 0.14.42
    esbuild-darwin-arm64: 0.14.42
    esbuild-freebsd-64: 0.14.42
    esbuild-freebsd-arm64: 0.14.42
    esbuild-linux-32: 0.14.42
    esbuild-linux-64: 0.14.42
    esbuild-linux-arm: 0.14.42
    esbuild-linux-arm64: 0.14.42
    esbuild-linux-mips64le: 0.14.42
    esbuild-linux-ppc64le: 0.14.42
    esbuild-linux-riscv64: 0.14.42
    esbuild-linux-s390x: 0.14.42
    esbuild-netbsd-64: 0.14.42
    esbuild-openbsd-64: 0.14.42
    esbuild-sunos-64: 0.14.42
    esbuild-windows-32: 0.14.42
    esbuild-windows-64: 0.14.42
    esbuild-windows-arm64: 0.14.42
  dependenciesMeta:
    esbuild-android-64:
      optional: true
    esbuild-android-arm64:
      optional: true
    esbuild-darwin-64:
      optional: true
    esbuild-darwin-arm64:
      optional: true
    esbuild-freebsd-64:
      optional: true
    esbuild-freebsd-arm64:
      optional: true
    esbuild-linux-32:
      optional: true
    esbuild-linux-64:
      optional: true
    esbuild-linux-arm:
      optional: true
    esbuild-linux-arm64:
      optional: true
    esbuild-linux-mips64le:
      optional: true
    esbuild-linux-ppc64le:
      optional: true
    esbuild-linux-riscv64:
      optional: true
    esbuild-linux-s390x:
      optional: true
    esbuild-netbsd-64:
      optional: true
    esbuild-openbsd-64:
      optional: true
    esbuild-sunos-64:
      optional: true
    esbuild-windows-32:
      optional: true
    esbuild-windows-64:
      optional: true
    esbuild-windows-arm64:
      optional: true
  bin:
    esbuild: bin/esbuild
  checksum: e036278177bdb3f5a58fd7a56f67afa7ae603e0458b0dcc75901e0fa86b07587a63c2b447653d400c1bdf9d56e93b0d1011b6a83fc3c973e752c3cc75baabb91
  languageName: node
  linkType: hard

"simple-test-typescript@workspace:.":
  version: 0.0.0-use.local
  resolution: "simple-test-typescript@workspace:."
  dependencies:
    "@yarnpkg/esbuild-plugin-pnp": ^3.0.0-rc.6
    esbuild: ^0.14.42
    typescript: ^4.7.2
  languageName: unknown
  linkType: soft

"tslib@npm:^1.13.0":
  version: 1.14.1
  resolution: "tslib@npm:1.14.1"
  checksum: dbe628ef87f66691d5d2959b3e41b9ca0045c3ee3c7c7b906cc1e328b39f199bb1ad9e671c39025bd56122ac57dfbf7385a94843b1cc07c60a4db74795829acd
  languageName: node
  linkType: hard

"typescript@npm:^4.7.2":
  version: 4.7.2
  resolution: "typescript@npm:4.7.2"
  bin:
    tsc: bin/tsc
    tsserver: bin/tsserver
  checksum: 5163585e6b56410f77d5483b698d9489bbee8902c99029eb70cf6d21525a186530ce19a00951af84eefd4a131cc51d0959f5118e25e70ab61f45ac4057dbd1ef
  languageName: node
  linkType: hard

"typescript@patch:typescript@^4.7.2#~builtin<compat/typescript>":
  version: 4.7.2
  resolution: "typescript@patch:typescript@npm%3A4.7.2#~builtin<compat/typescript>::version=4.7.2&hash=7ad353"
  bin:
    tsc: bin/tsc
    tsserver: bin/tsserver
  checksum: 7e2b9a9f4a70fb7616f1b0d986977f8e34a74f046202fa7f24fdee79589598277810fa216b3776c20c0683a9235872c73be34fdb93f67f98c1efaca40999422f
  languageName: node
  linkType: hard
