# This file is generated by running "yarn install" inside your project.
# Manual changes might be lost - proceed with caution!

__metadata:
  version: 6
  cacheKey: 8

"@yarnpkg/esbuild-plugin-pnp@npm:^3.0.0-rc.7":
  version: 3.0.0-rc.7
  resolution: "@yarnpkg/esbuild-plugin-pnp@npm:3.0.0-rc.7"
  dependencies:
    tslib: ^1.13.0
  peerDependencies:
    esbuild: ">=0.10.0"
  checksum: 1f08e2fa19811a5b6053f46666ab7029d8e8ad4d1fffa8c6e9b3d0558a0957789d3845e76fbd9df4f0eb7c7e487daef33b905fe89c66131a380a8ae9ad43ceb3
  languageName: node
  linkType: hard

"esbuild-android-64@npm:0.14.43":
  version: 0.14.43
  resolution: "esbuild-android-64@npm:0.14.43"
  conditions: os=android & cpu=x64
  languageName: node
  linkType: hard

"esbuild-android-arm64@npm:0.14.43":
  version: 0.14.43
  resolution: "esbuild-android-arm64@npm:0.14.43"
  conditions: os=android & cpu=arm64
  languageName: node
  linkType: hard

"esbuild-darwin-64@npm:0.14.43":
  version: 0.14.43
  resolution: "esbuild-darwin-64@npm:0.14.43"
  conditions: os=darwin & cpu=x64
  languageName: node
  linkType: hard

"esbuild-darwin-arm64@npm:0.14.43":
  version: 0.14.43
  resolution: "esbuild-darwin-arm64@npm:0.14.43"
  conditions: os=darwin & cpu=arm64
  languageName: node
  linkType: hard

"esbuild-freebsd-64@npm:0.14.43":
  version: 0.14.43
  resolution: "esbuild-freebsd-64@npm:0.14.43"
  conditions: os=freebsd & cpu=x64
  languageName: node
  linkType: hard

"esbuild-freebsd-arm64@npm:0.14.43":
  version: 0.14.43
  resolution: "esbuild-freebsd-arm64@npm:0.14.43"
  conditions: os=freebsd & cpu=arm64
  languageName: node
  linkType: hard

"esbuild-linux-32@npm:0.14.43":
  version: 0.14.43
  resolution: "esbuild-linux-32@npm:0.14.43"
  conditions: os=linux & cpu=ia32
  languageName: node
  linkType: hard

"esbuild-linux-64@npm:0.14.43":
  version: 0.14.43
  resolution: "esbuild-linux-64@npm:0.14.43"
  conditions: os=linux & cpu=x64
  languageName: node
  linkType: hard

"esbuild-linux-arm64@npm:0.14.43":
  version: 0.14.43
  resolution: "esbuild-linux-arm64@npm:0.14.43"
  conditions: os=linux & cpu=arm64
  languageName: node
  linkType: hard

"esbuild-linux-arm@npm:0.14.43":
  version: 0.14.43
  resolution: "esbuild-linux-arm@npm:0.14.43"
  conditions: os=linux & cpu=arm
  languageName: node
  linkType: hard

"esbuild-linux-mips64le@npm:0.14.43":
  version: 0.14.43
  resolution: "esbuild-linux-mips64le@npm:0.14.43"
  conditions: os=linux & cpu=mips64el
  languageName: node
  linkType: hard

"esbuild-linux-ppc64le@npm:0.14.43":
  version: 0.14.43
  resolution: "esbuild-linux-ppc64le@npm:0.14.43"
  conditions: os=linux & cpu=ppc64
  languageName: node
  linkType: hard

"esbuild-linux-riscv64@npm:0.14.43":
  version: 0.14.43
  resolution: "esbuild-linux-riscv64@npm:0.14.43"
  conditions: os=linux & cpu=riscv64
  languageName: node
  linkType: hard

"esbuild-linux-s390x@npm:0.14.43":
  version: 0.14.43
  resolution: "esbuild-linux-s390x@npm:0.14.43"
  conditions: os=linux & cpu=s390x
  languageName: node
  linkType: hard

"esbuild-netbsd-64@npm:0.14.43":
  version: 0.14.43
  resolution: "esbuild-netbsd-64@npm:0.14.43"
  conditions: os=netbsd & cpu=x64
  languageName: node
  linkType: hard

"esbuild-openbsd-64@npm:0.14.43":
  version: 0.14.43
  resolution: "esbuild-openbsd-64@npm:0.14.43"
  conditions: os=openbsd & cpu=x64
  languageName: node
  linkType: hard

"esbuild-sunos-64@npm:0.14.43":
  version: 0.14.43
  resolution: "esbuild-sunos-64@npm:0.14.43"
  conditions: os=sunos & cpu=x64
  languageName: node
  linkType: hard

"esbuild-windows-32@npm:0.14.43":
  version: 0.14.43
  resolution: "esbuild-windows-32@npm:0.14.43"
  conditions: os=win32 & cpu=ia32
  languageName: node
  linkType: hard

"esbuild-windows-64@npm:0.14.43":
  version: 0.14.43
  resolution: "esbuild-windows-64@npm:0.14.43"
  conditions: os=win32 & cpu=x64
  languageName: node
  linkType: hard

"esbuild-windows-arm64@npm:0.14.43":
  version: 0.14.43
  resolution: "esbuild-windows-arm64@npm:0.14.43"
  conditions: os=win32 & cpu=arm64
  languageName: node
  linkType: hard

"esbuild@npm:^0.14.43":
  version: 0.14.43
  resolution: "esbuild@npm:0.14.43"
  dependencies:
    esbuild-android-64: 0.14.43
    esbuild-android-arm64: 0.14.43
    esbuild-darwin-64: 0.14.43
    esbuild-darwin-arm64: 0.14.43
    esbuild-freebsd-64: 0.14.43
    esbuild-freebsd-arm64: 0.14.43
    esbuild-linux-32: 0.14.43
    esbuild-linux-64: 0.14.43
    esbuild-linux-arm: 0.14.43
    esbuild-linux-arm64: 0.14.43
    esbuild-linux-mips64le: 0.14.43
    esbuild-linux-ppc64le: 0.14.43
    esbuild-linux-riscv64: 0.14.43
    esbuild-linux-s390x: 0.14.43
    esbuild-netbsd-64: 0.14.43
    esbuild-openbsd-64: 0.14.43
    esbuild-sunos-64: 0.14.43
    esbuild-windows-32: 0.14.43
    esbuild-windows-64: 0.14.43
    esbuild-windows-arm64: 0.14.43
  dependenciesMeta:
    esbuild-android-64:
      optional: true
    esbuild-android-arm64:
      optional: true
    esbuild-darwin-64:
      optional: true
    esbuild-darwin-arm64:
      optional: true
    esbuild-freebsd-64:
      optional: true
    esbuild-freebsd-arm64:
      optional: true
    esbuild-linux-32:
      optional: true
    esbuild-linux-64:
      optional: true
    esbuild-linux-arm:
      optional: true
    esbuild-linux-arm64:
      optional: true
    esbuild-linux-mips64le:
      optional: true
    esbuild-linux-ppc64le:
      optional: true
    esbuild-linux-riscv64:
      optional: true
    esbuild-linux-s390x:
      optional: true
    esbuild-netbsd-64:
      optional: true
    esbuild-openbsd-64:
      optional: true
    esbuild-sunos-64:
      optional: true
    esbuild-windows-32:
      optional: true
    esbuild-windows-64:
      optional: true
    esbuild-windows-arm64:
      optional: true
  bin:
    esbuild: bin/esbuild
  checksum: c5988ba9d3b62c794aaf6752ca4cf0f009d0dc127a19d21c1bbeb2fe6d983c7fe39f3d330e2c00d5a9b6de4a71bfb0f5f347e69c37eb545ab61dc4824b5b2bb3
  languageName: node
  linkType: hard

"simple-test-typescript@workspace:.":
  version: 0.0.0-use.local
  resolution: "simple-test-typescript@workspace:."
  dependencies:
    "@yarnpkg/esbuild-plugin-pnp": ^3.0.0-rc.7
    esbuild: ^0.14.43
    typescript: ^4.7.3
  languageName: unknown
  linkType: soft

"tslib@npm:^1.13.0":
  version: 1.14.1
  resolution: "tslib@npm:1.14.1"
  checksum: dbe628ef87f66691d5d2959b3e41b9ca0045c3ee3c7c7b906cc1e328b39f199bb1ad9e671c39025bd56122ac57dfbf7385a94843b1cc07c60a4db74795829acd
  languageName: node
  linkType: hard

"typescript@npm:^4.7.3":
  version: 4.7.3
  resolution: "typescript@npm:4.7.3"
  bin:
    tsc: bin/tsc
    tsserver: bin/tsserver
  checksum: fd13a1ce53790a36bb8350e1f5e5e384b5f6cb9b0635114a6d01d49cb99916abdcfbc13c7521cdae2f2d3f6d8bc4a8ae7625edf645a04ee940588cd5e7597b2f
  languageName: node
  linkType: hard

"typescript@patch:typescript@^4.7.3#~builtin<compat/typescript>":
  version: 4.7.3
  resolution: "typescript@patch:typescript@npm%3A4.7.3#~builtin<compat/typescript>::version=4.7.3&hash=7ad353"
  bin:
    tsc: bin/tsc
    tsserver: bin/tsserver
  checksum: 137d18a77f52254a284960b16ab53d0619f57b69b5d585804b8413f798a1175ce3e774fb95e6a101868577aafe357d8fcfc9171f0dc9fc0c210e9ae59d107cc0
  languageName: node
  linkType: hard
